
Microsoft Visual Studio Solution File, Format Version 12.00
# Visual Studio Version 17
VisualStudioVersion = 17.4.33213.308
MinimumVisualStudioVersion = 10.0.40219.1
Project("{FAE04EC0-301F-11D3-BF4B-00C04F79EFBC}") = "Parcial 2 Batalla Naval", "Parcial 2 Batalla Naval\Parcial 2 Batalla Naval.csproj", "{79D60C8D-9C63-4E8B-87E8-CD12DB3A4410}"
EndProject
Global
	GlobalSection(SolutionConfigurationPlatforms) = preSolution
		Debug|Any CPU = Debug|Any CPU
		Release|Any CPU = Release|Any CPU
	EndGlobalSection
	GlobalSection(ProjectConfigurationPlatforms) = postSolution
		{79D60C8D-9C63-4E8B-87E8-CD12DB3A4410}.Debug|Any CPU.ActiveCfg = Debug|Any CPU
		{79D60C8D-9C63-4E8B-87E8-CD12DB3A4410}.Debug|Any CPU.Build.0 = Debug|Any CPU
		{79D60C8D-9C63-4E8B-87E8-CD12DB3A4410}.Release|Any CPU.ActiveCfg = Release|Any CPU
		{79D60C8D-9C63-4E8B-87E8-CD12DB3A4410}.Release|Any CPU.Build.0 = Release|Any CPU
	EndGlobalSection
	GlobalSection(SolutionProperties) = preSolution
		HideSolutionNode = FALSE
	EndGlobalSection
	GlobalSection(ExtensibilityGlobals) = postSolution
		SolutionGuid = {447EC7BF-531F-4E90-A820-8E33B584A5BC}
	EndGlobalSection
EndGlobal
